
Microsoft Visual Studio Solution File, Format Version 12.00
# Visual Studio 15
VisualStudioVersion = 15.0.27004.2002
MinimumVisualStudioVersion = 10.0.40219.1
Project("{FAE04EC0-301F-11D3-BF4B-00C04F79EFBC}") = "fmMain", "fmMain\fmMain.csproj", "{8BDF972E-2C84-4482-8A1E-48B75EBFCC74}"
EndProject
Global
	GlobalSection(SolutionConfigurationPlatforms) = preSolution
		Debug|Any CPU = Debug|Any CPU
		Release|Any CPU = Release|Any CPU
	EndGlobalSection
	GlobalSection(ProjectConfigurationPlatforms) = postSolution
		{8BDF972E-2C84-4482-8A1E-48B75EBFCC74}.Debug|Any CPU.ActiveCfg = Debug|Any CPU
		{8BDF972E-2C84-4482-8A1E-48B75EBFCC74}.Debug|Any CPU.Build.0 = Debug|Any CPU
		{8BDF972E-2C84-4482-8A1E-48B75EBFCC74}.Release|Any CPU.ActiveCfg = Release|Any CPU
		{8BDF972E-2C84-4482-8A1E-48B75EBFCC74}.Release|Any CPU.Build.0 = Release|Any CPU
	EndGlobalSection
	GlobalSection(SolutionProperties) = preSolution
		HideSolutionNode = FALSE
	EndGlobalSection
	GlobalSection(ExtensibilityGlobals) = postSolution
		SolutionGuid = {1276EBD0-A0BF-4406-82FE-7055A431D557}
	EndGlobalSection
EndGlobal
